// !$*UTF8*$!
{
	archiveVersion = 1;
	classes = {
	};
	objectVersion = 46;
	objects = {

/* Begin PBXBuildFile section */
		3A8468E21D549C5200D105F9 /* AppDelegate.swift in Sources */ = {isa = PBXBuildFile; fileRef = 3A8468E11D549C5200D105F9 /* AppDelegate.swift */; };
		3A8468E71D549C5200D105F9 /* Main.storyboard in Resources */ = {isa = PBXBuildFile; fileRef = 3A8468E51D549C5200D105F9 /* Main.storyboard */; };
		3A8468E91D549C5200D105F9 /* Assets.xcassets in Resources */ = {isa = PBXBuildFile; fileRef = 3A8468E81D549C5200D105F9 /* Assets.xcassets */; };
		3A8468EC1D549C5200D105F9 /* LaunchScreen.storyboard in Resources */ = {isa = PBXBuildFile; fileRef = 3A8468EA1D549C5200D105F9 /* LaunchScreen.storyboard */; };
		3A8468F71D549C5200D105F9 /* MunchCrunchTests.swift in Sources */ = {isa = PBXBuildFile; fileRef = 3A8468F61D549C5200D105F9 /* MunchCrunchTests.swift */; };
		3A8469021D549C5200D105F9 /* MunchCrunchUITests.swift in Sources */ = {isa = PBXBuildFile; fileRef = 3A8469011D549C5200D105F9 /* MunchCrunchUITests.swift */; };
		3A8469101D549CB300D105F9 /* SpriteKit.framework in Frameworks */ = {isa = PBXBuildFile; fileRef = 3A84690F1D549CB300D105F9 /* SpriteKit.framework */; };
		3A8469121D549E4D00D105F9 /* MainViewController.swift in Sources */ = {isa = PBXBuildFile; fileRef = 3A8469111D549E4D00D105F9 /* MainViewController.swift */; };
		3A8469141D54AA2400D105F9 /* GameScene.swift in Sources */ = {isa = PBXBuildFile; fileRef = 3A8469131D54AA2400D105F9 /* GameScene.swift */; };
/* End PBXBuildFile section */

/* Begin PBXContainerItemProxy section */
		3A8468F31D549C5200D105F9 /* PBXContainerItemProxy */ = {
			isa = PBXContainerItemProxy;
			containerPortal = 3A8468D61D549C5200D105F9 /* Project object */;
			proxyType = 1;
			remoteGlobalIDString = 3A8468DD1D549C5200D105F9;
			remoteInfo = MunchCrunch;
		};
		3A8468FE1D549C5200D105F9 /* PBXContainerItemProxy */ = {
			isa = PBXContainerItemProxy;
			containerPortal = 3A8468D61D549C5200D105F9 /* Project object */;
			proxyType = 1;
			remoteGlobalIDString = 3A8468DD1D549C5200D105F9;
			remoteInfo = MunchCrunch;
		};
/* End PBXContainerItemProxy section */

/* Begin PBXFileReference section */
		3A8468DE1D549C5200D105F9 /* MunchCrunch.app */ = {isa = PBXFileReference; explicitFileType = wrapper.application; includeInIndex = 0; path = MunchCrunch.app; sourceTree = BUILT_PRODUCTS_DIR; };
		3A8468E11D549C5200D105F9 /* AppDelegate.swift */ = {isa = PBXFileReference; lastKnownFileType = sourcecode.swift; path = AppDelegate.swift; sourceTree = "<group>"; };
		3A8468E61D549C5200D105F9 /* Base */ = {isa = PBXFileReference; lastKnownFileType = file.storyboard; name = Base; path = Base.lproj/Main.storyboard; sourceTree = "<group>"; };
		3A8468E81D549C5200D105F9 /* Assets.xcassets */ = {isa = PBXFileReference; lastKnownFileType = folder.assetcatalog; path = Assets.xcassets; sourceTree = "<group>"; };
		3A8468EB1D549C5200D105F9 /* Base */ = {isa = PBXFileReference; lastKnownFileType = file.storyboard; name = Base; path = Base.lproj/LaunchScreen.storyboard; sourceTree = "<group>"; };
		3A8468ED1D549C5200D105F9 /* Info.plist */ = {isa = PBXFileReference; lastKnownFileType = text.plist.xml; path = Info.plist; sourceTree = "<group>"; };
		3A8468F21D549C5200D105F9 /* MunchCrunchTests.xctest */ = {isa = PBXFileReference; explicitFileType = wrapper.cfbundle; includeInIndex = 0; path = MunchCrunchTests.xctest; sourceTree = BUILT_PRODUCTS_DIR; };
		3A8468F61D549C5200D105F9 /* MunchCrunchTests.swift */ = {isa = PBXFileReference; lastKnownFileType = sourcecode.swift; path = MunchCrunchTests.swift; sourceTree = "<group>"; };
		3A8468F81D549C5200D105F9 /* Info.plist */ = {isa = PBXFileReference; lastKnownFileType = text.plist.xml; path = Info.plist; sourceTree = "<group>"; };
		3A8468FD1D549C5200D105F9 /* MunchCrunchUITests.xctest */ = {isa = PBXFileReference; explicitFileType = wrapper.cfbundle; includeInIndex = 0; path = MunchCrunchUITests.xctest; sourceTree = BUILT_PRODUCTS_DIR; };
		3A8469011D549C5200D105F9 /* MunchCrunchUITests.swift */ = {isa = PBXFileReference; lastKnownFileType = sourcecode.swift; path = MunchCrunchUITests.swift; sourceTree = "<group>"; };
		3A8469031D549C5200D105F9 /* Info.plist */ = {isa = PBXFileReference; lastKnownFileType = text.plist.xml; path = Info.plist; sourceTree = "<group>"; };
		3A84690F1D549CB300D105F9 /* SpriteKit.framework */ = {isa = PBXFileReference; lastKnownFileType = wrapper.framework; name = SpriteKit.framework; path = System/Library/Frameworks/SpriteKit.framework; sourceTree = SDKROOT; };
		3A8469111D549E4D00D105F9 /* MainViewController.swift */ = {isa = PBXFileReference; fileEncoding = 4; lastKnownFileType = sourcecode.swift; name = MainViewController.swift; path = Controllers/MainViewController.swift; sourceTree = "<group>"; };
		3A8469131D54AA2400D105F9 /* GameScene.swift */ = {isa = PBXFileReference; fileEncoding = 4; lastKnownFileType = sourcecode.swift; path = GameScene.swift; sourceTree = "<group>"; };
/* End PBXFileReference section */

/* Begin PBXFrameworksBuildPhase section */
		3A8468DB1D549C5200D105F9 /* Frameworks */ = {
			isa = PBXFrameworksBuildPhase;
			buildActionMask = 2147483647;
			files = (
				3A8469101D549CB300D105F9 /* SpriteKit.framework in Frameworks */,
			);
			runOnlyForDeploymentPostprocessing = 0;
		};
		3A8468EF1D549C5200D105F9 /* Frameworks */ = {
			isa = PBXFrameworksBuildPhase;
			buildActionMask = 2147483647;
			files = (
			);
			runOnlyForDeploymentPostprocessing = 0;
		};
		3A8468FA1D549C5200D105F9 /* Frameworks */ = {
			isa = PBXFrameworksBuildPhase;
			buildActionMask = 2147483647;
			files = (
			);
			runOnlyForDeploymentPostprocessing = 0;
		};
/* End PBXFrameworksBuildPhase section */

/* Begin PBXGroup section */
		3A8468D51D549C5200D105F9 = {
			isa = PBXGroup;
			children = (
				3A84690F1D549CB300D105F9 /* SpriteKit.framework */,
				3A8468E01D549C5200D105F9 /* MunchCrunch */,
				3A8468F51D549C5200D105F9 /* MunchCrunchTests */,
				3A8469001D549C5200D105F9 /* MunchCrunchUITests */,
				3A8468DF1D549C5200D105F9 /* Products */,
			);
			sourceTree = "<group>";
		};
		3A8468DF1D549C5200D105F9 /* Products */ = {
			isa = PBXGroup;
			children = (
				3A8468DE1D549C5200D105F9 /* MunchCrunch.app */,
				3A8468F21D549C5200D105F9 /* MunchCrunchTests.xctest */,
				3A8468FD1D549C5200D105F9 /* MunchCrunchUITests.xctest */,
			);
			name = Products;
			sourceTree = "<group>";
		};
		3A8468E01D549C5200D105F9 /* MunchCrunch */ = {
			isa = PBXGroup;
			children = (
				3A8468E11D549C5200D105F9 /* AppDelegate.swift */,
				3A8469111D549E4D00D105F9 /* MainViewController.swift */,
				3A8468E51D549C5200D105F9 /* Main.storyboard */,
				3A8468E81D549C5200D105F9 /* Assets.xcassets */,
				3A8468EA1D549C5200D105F9 /* LaunchScreen.storyboard */,
				3A8468ED1D549C5200D105F9 /* Info.plist */,
				3A8469131D54AA2400D105F9 /* GameScene.swift */,
			);
			path = MunchCrunch;
			sourceTree = "<group>";
		};
		3A8468F51D549C5200D105F9 /* MunchCrunchTests */ = {
			isa = PBXGroup;
			children = (
				3A8468F61D549C5200D105F9 /* MunchCrunchTests.swift */,
				3A8468F81D549C5200D105F9 /* Info.plist */,
			);
			path = MunchCrunchTests;
			sourceTree = "<group>";
		};
		3A8469001D549C5200D105F9 /* MunchCrunchUITests */ = {
			isa = PBXGroup;
			children = (
				3A8469011D549C5200D105F9 /* MunchCrunchUITests.swift */,
				3A8469031D549C5200D105F9 /* Info.plist */,
			);
			path = MunchCrunchUITests;
			sourceTree = "<group>";
		};
/* End PBXGroup section */

/* Begin PBXNativeTarget section */
		3A8468DD1D549C5200D105F9 /* MunchCrunch */ = {
			isa = PBXNativeTarget;
			buildConfigurationList = 3A8469061D549C5200D105F9 /* Build configuration list for PBXNativeTarget "MunchCrunch" */;
			buildPhases = (
				3A8468DA1D549C5200D105F9 /* Sources */,
				3A8468DB1D549C5200D105F9 /* Frameworks */,
				3A8468DC1D549C5200D105F9 /* Resources */,
			);
			buildRules = (
			);
			dependencies = (
			);
			name = MunchCrunch;
			productName = MunchCrunch;
			productReference = 3A8468DE1D549C5200D105F9 /* MunchCrunch.app */;
			productType = "com.apple.product-type.application";
		};
		3A8468F11D549C5200D105F9 /* MunchCrunchTests */ = {
			isa = PBXNativeTarget;
			buildConfigurationList = 3A8469091D549C5200D105F9 /* Build configuration list for PBXNativeTarget "MunchCrunchTests" */;
			buildPhases = (
				3A8468EE1D549C5200D105F9 /* Sources */,
				3A8468EF1D549C5200D105F9 /* Frameworks */,
				3A8468F01D549C5200D105F9 /* Resources */,
			);
			buildRules = (
			);
			dependencies = (
				3A8468F41D549C5200D105F9 /* PBXTargetDependency */,
			);
			name = MunchCrunchTests;
			productName = MunchCrunchTests;
			productReference = 3A8468F21D549C5200D105F9 /* MunchCrunchTests.xctest */;
			productType = "com.apple.product-type.bundle.unit-test";
		};
		3A8468FC1D549C5200D105F9 /* MunchCrunchUITests */ = {
			isa = PBXNativeTarget;
			buildConfigurationList = 3A84690C1D549C5200D105F9 /* Build configuration list for PBXNativeTarget "MunchCrunchUITests" */;
			buildPhases = (
				3A8468F91D549C5200D105F9 /* Sources */,
				3A8468FA1D549C5200D105F9 /* Frameworks */,
				3A8468FB1D549C5200D105F9 /* Resources */,
			);
			buildRules = (
			);
			dependencies = (
				3A8468FF1D549C5200D105F9 /* PBXTargetDependency */,
			);
			name = MunchCrunchUITests;
			productName = MunchCrunchUITests;
			productReference = 3A8468FD1D549C5200D105F9 /* MunchCrunchUITests.xctest */;
			productType = "com.apple.product-type.bundle.ui-testing";
		};
/* End PBXNativeTarget section */

/* Begin PBXProject section */
		3A8468D61D549C5200D105F9 /* Project object */ = {
			isa = PBXProject;
			attributes = {
				LastSwiftUpdateCheck = 0730;
				LastUpgradeCheck = 0730;
				ORGANIZATIONNAME = VeganTofu;
				TargetAttributes = {
					3A8468DD1D549C5200D105F9 = {
						CreatedOnToolsVersion = 7.3.1;
					};
					3A8468F11D549C5200D105F9 = {
						CreatedOnToolsVersion = 7.3.1;
						TestTargetID = 3A8468DD1D549C5200D105F9;
					};
					3A8468FC1D549C5200D105F9 = {
						CreatedOnToolsVersion = 7.3.1;
						TestTargetID = 3A8468DD1D549C5200D105F9;
					};
				};
			};
			buildConfigurationList = 3A8468D91D549C5200D105F9 /* Build configuration list for PBXProject "MunchCrunch" */;
			compatibilityVersion = "Xcode 3.2";
			developmentRegion = English;
			hasScannedForEncodings = 0;
			knownRegions = (
				en,
				Base,
			);
			mainGroup = 3A8468D51D549C5200D105F9;
			productRefGroup = 3A8468DF1D549C5200D105F9 /* Products */;
			projectDirPath = "";
			projectRoot = "";
			targets = (
				3A8468DD1D549C5200D105F9 /* MunchCrunch */,
				3A8468F11D549C5200D105F9 /* MunchCrunchTests */,
				3A8468FC1D549C5200D105F9 /* MunchCrunchUITests */,
			);
		};
/* End PBXProject section */

/* Begin PBXResourcesBuildPhase section */
		3A8468DC1D549C5200D105F9 /* Resources */ = {
			isa = PBXResourcesBuildPhase;
			buildActionMask = 2147483647;
			files = (
				3A8468EC1D549C5200D105F9 /* LaunchScreen.storyboard in Resources */,
				3A8468E91D549C5200D105F9 /* Assets.xcassets in Resources */,
				3A8468E71D549C5200D105F9 /* Main.storyboard in Resources */,
			);
			runOnlyForDeploymentPostprocessing = 0;
		};
		3A8468F01D549C5200D105F9 /* Resources */ = {
			isa = PBXResourcesBuildPhase;
			buildActionMask = 2147483647;
			files = (
			);
			runOnlyForDeploymentPostprocessing = 0;
		};
		3A8468FB1D549C5200D105F9 /* Resources */ = {
			isa = PBXResourcesBuildPhase;
			buildActionMask = 2147483647;
			files = (
			);
			runOnlyForDeploymentPostprocessing = 0;
		};
/* End PBXResourcesBuildPhase section */

/* Begin PBXSourcesBuildPhase section */
		3A8468DA1D549C5200D105F9 /* Sources */ = {
			isa = PBXSourcesBuildPhase;
			buildActionMask = 2147483647;
			files = (
				3A8469141D54AA2400D105F9 /* GameScene.swift in Sources */,
				3A8468E21D549C5200D105F9 /* AppDelegate.swift in Sources */,
				3A8469121D549E4D00D105F9 /* MainViewController.swift in Sources */,
			);
			runOnlyForDeploymentPostprocessing = 0;
		};
		3A8468EE1D549C5200D105F9 /* Sources */ = {
			isa = PBXSourcesBuildPhase;
			buildActionMask = 2147483647;
			files = (
				3A8468F71D549C5200D105F9 /* MunchCrunchTests.swift in Sources */,
			);
			runOnlyForDeploymentPostprocessing = 0;
		};
		3A8468F91D549C5200D105F9 /* Sources */ = {
			isa = PBXSourcesBuildPhase;
			buildActionMask = 2147483647;
			files = (
				3A8469021D549C5200D105F9 /* MunchCrunchUITests.swift in Sources */,
			);
			runOnlyForDeploymentPostprocessing = 0;
		};
/* End PBXSourcesBuildPhase section */

/* Begin PBXTargetDependency section */
		3A8468F41D549C5200D105F9 /* PBXTargetDependency */ = {
			isa = PBXTargetDependency;
			target = 3A8468DD1D549C5200D105F9 /* MunchCrunch */;
			targetProxy = 3A8468F31D549C5200D105F9 /* PBXContainerItemProxy */;
		};
		3A8468FF1D549C5200D105F9 /* PBXTargetDependency */ = {
			isa = PBXTargetDependency;
			target = 3A8468DD1D549C5200D105F9 /* MunchCrunch */;
			targetProxy = 3A8468FE1D549C5200D105F9 /* PBXContainerItemProxy */;
		};
/* End PBXTargetDependency section */

/* Begin PBXVariantGroup section */
		3A8468E51D549C5200D105F9 /* Main.storyboard */ = {
			isa = PBXVariantGroup;
			children = (
				3A8468E61D549C5200D105F9 /* Base */,
			);
			name = Main.storyboard;
			sourceTree = "<group>";
		};
		3A8468EA1D549C5200D105F9 /* LaunchScreen.storyboard */ = {
			isa = PBXVariantGroup;
			children = (
				3A8468EB1D549C5200D105F9 /* Base */,
			);
			name = LaunchScreen.storyboard;
			sourceTree = "<group>";
		};
/* End PBXVariantGroup section */

/* Begin XCBuildConfiguration section */
		3A8469041D549C5200D105F9 /* Debug */ = {
			isa = XCBuildConfiguration;
			buildSettings = {
				ALWAYS_SEARCH_USER_PATHS = NO;
				CLANG_ANALYZER_NONNULL = YES;
				CLANG_CXX_LANGUAGE_STANDARD = "gnu++0x";
				CLANG_CXX_LIBRARY = "libc++";
				CLANG_ENABLE_MODULES = YES;
				CLANG_ENABLE_OBJC_ARC = YES;
				CLANG_WARN_BOOL_CONVERSION = YES;
				CLANG_WARN_CONSTANT_CONVERSION = YES;
				CLANG_WARN_DIRECT_OBJC_ISA_USAGE = YES_ERROR;
				CLANG_WARN_EMPTY_BODY = YES;
				CLANG_WARN_ENUM_CONVERSION = YES;
				CLANG_WARN_INT_CONVERSION = YES;
				CLANG_WARN_OBJC_ROOT_CLASS = YES_ERROR;
				CLANG_WARN_UNREACHABLE_CODE = YES;
				CLANG_WARN__DUPLICATE_METHOD_MATCH = YES;
				"CODE_SIGN_IDENTITY[sdk=iphoneos*]" = "iPhone Developer";
				COPY_PHASE_STRIP = NO;
				DEBUG_INFORMATION_FORMAT = dwarf;
				ENABLE_STRICT_OBJC_MSGSEND = YES;
				ENABLE_TESTABILITY = YES;
				GCC_C_LANGUAGE_STANDARD = gnu99;
				GCC_DYNAMIC_NO_PIC = NO;
				GCC_NO_COMMON_BLOCKS = YES;
				GCC_OPTIMIZATION_LEVEL = 0;
				GCC_PREPROCESSOR_DEFINITIONS = (
					"DEBUG=1",
					"$(inherited)",
				);
				GCC_WARN_64_TO_32_BIT_CONVERSION = YES;
				GCC_WARN_ABOUT_RETURN_TYPE = YES_ERROR;
				GCC_WARN_UNDECLARED_SELECTOR = YES;
				GCC_WARN_UNINITIALIZED_AUTOS = YES_AGGRESSIVE;
				GCC_WARN_UNUSED_FUNCTION = YES;
				GCC_WARN_UNUSED_VARIABLE = YES;
				IPHONEOS_DEPLOYMENT_TARGET = 9.3;
				MTL_ENABLE_DEBUG_INFO = YES;
				ONLY_ACTIVE_ARCH = YES;
				SDKROOT = iphoneos;
				SWIFT_OPTIMIZATION_LEVEL = "-Onone";
				TARGETED_DEVICE_FAMILY = "1,2";
			};
			name = Debug;
		};
		3A8469051D549C5200D105F9 /* Release */ = {
			isa = XCBuildConfiguration;
			buildSettings = {
				ALWAYS_SEARCH_USER_PATHS = NO;
				CLANG_ANALYZER_NONNULL = YES;
				CLANG_CXX_LANGUAGE_STANDARD = "gnu++0x";
				CLANG_CXX_LIBRARY = "libc++";
				CLANG_ENABLE_MODULES = YES;
				CLANG_ENABLE_OBJC_ARC = YES;
				CLANG_WARN_BOOL_CONVERSION = YES;
				CLANG_WARN_CONSTANT_CONVERSION = YES;
				CLANG_WARN_DIRECT_OBJC_ISA_USAGE = YES_ERROR;
				CLANG_WARN_EMPTY_BODY = YES;
				CLANG_WARN_ENUM_CONVERSION = YES;
				CLANG_WARN_INT_CONVERSION = YES;
				CLANG_WARN_OBJC_ROOT_CLASS = YES_ERROR;
				CLANG_WARN_UNREACHABLE_CODE = YES;
				CLANG_WARN__DUPLICATE_METHOD_MATCH = YES;
				"CODE_SIGN_IDENTITY[sdk=iphoneos*]" = "iPhone Developer";
				COPY_PHASE_STRIP = NO;
				DEBUG_INFORMATION_FORMAT = "dwarf-with-dsym";
				ENABLE_NS_ASSERTIONS = NO;
				ENABLE_STRICT_OBJC_MSGSEND = YES;
				GCC_C_LANGUAGE_STANDARD = gnu99;
				GCC_NO_COMMON_BLOCKS = YES;
				GCC_WARN_64_TO_32_BIT_CONVERSION = YES;
				GCC_WARN_ABOUT_RETURN_TYPE = YES_ERROR;
				GCC_WARN_UNDECLARED_SELECTOR = YES;
				GCC_WARN_UNINITIALIZED_AUTOS = YES_AGGRESSIVE;
				GCC_WARN_UNUSED_FUNCTION = YES;
				GCC_WARN_UNUSED_VARIABLE = YES;
				IPHONEOS_DEPLOYMENT_TARGET = 9.3;
				MTL_ENABLE_DEBUG_INFO = NO;
				SDKROOT = iphoneos;
				TARGETED_DEVICE_FAMILY = "1,2";
				VALIDATE_PRODUCT = YES;
			};
			name = Release;
		};
		3A8469071D549C5200D105F9 /* Debug */ = {
			isa = XCBuildConfiguration;
			buildSettings = {
				ASSETCATALOG_COMPILER_APPICON_NAME = AppIcon;
				INFOPLIST_FILE = MunchCrunch/Info.plist;
				LD_RUNPATH_SEARCH_PATHS = "$(inherited) @executable_path/Frameworks";
				PRODUCT_BUNDLE_IDENTIFIER = com.vegantofuapps.MunchCrunch;
				PRODUCT_NAME = "$(TARGET_NAME)";
			};
			name = Debug;
		};
		3A8469081D549C5200D105F9 /* Release */ = {
			isa = XCBuildConfiguration;
			buildSettings = {
				ASSETCATALOG_COMPILER_APPICON_NAME = AppIcon;
				INFOPLIST_FILE = MunchCrunch/Info.plist;
				LD_RUNPATH_SEARCH_PATHS = "$(inherited) @executable_path/Frameworks";
				PRODUCT_BUNDLE_IDENTIFIER = com.vegantofuapps.MunchCrunch;
				PRODUCT_NAME = "$(TARGET_NAME)";
			};
			name = Release;
		};
		3A84690A1D549C5200D105F9 /* Debug */ = {
			isa = XCBuildConfiguration;
			buildSettings = {
				BUNDLE_LOADER = "$(TEST_HOST)";
				INFOPLIST_FILE = MunchCrunchTests/Info.plist;
				LD_RUNPATH_SEARCH_PATHS = "$(inherited) @executable_path/Frameworks @loader_path/Frameworks";
				PRODUCT_BUNDLE_IDENTIFIER = com.vegantofuapps.MunchCrunchTests;
				PRODUCT_NAME = "$(TARGET_NAME)";
				TEST_HOST = "$(BUILT_PRODUCTS_DIR)/MunchCrunch.app/MunchCrunch";
			};
			name = Debug;
		};
		3A84690B1D549C5200D105F9 /* Release */ = {
			isa = XCBuildConfiguration;
			buildSettings = {
				BUNDLE_LOADER = "$(TEST_HOST)";
				INFOPLIST_FILE = MunchCrunchTests/Info.plist;
				LD_RUNPATH_SEARCH_PATHS = "$(inherited) @executable_path/Frameworks @loader_path/Frameworks";
				PRODUCT_BUNDLE_IDENTIFIER = com.vegantofuapps.MunchCrunchTests;
				PRODUCT_NAME = "$(TARGET_NAME)";
				TEST_HOST = "$(BUILT_PRODUCTS_DIR)/MunchCrunch.app/MunchCrunch";
			};
			name = Release;
		};
		3A84690D1D549C5200D105F9 /* Debug */ = {
			isa = XCBuildConfiguration;
			buildSettings = {
				INFOPLIST_FILE = MunchCrunchUITests/Info.plist;
				LD_RUNPATH_SEARCH_PATHS = "$(inherited) @executable_path/Frameworks @loader_path/Frameworks";
				PRODUCT_BUNDLE_IDENTIFIER = com.vegantofuapps.MunchCrunchUITests;
				PRODUCT_NAME = "$(TARGET_NAME)";
				TEST_TARGET_NAME = MunchCrunch;
			};
			name = Debug;
		};
		3A84690E1D549C5200D105F9 /* Release */ = {
			isa = XCBuildConfiguration;
			buildSettings = {
				INFOPLIST_FILE = MunchCrunchUITests/Info.plist;
				LD_RUNPATH_SEARCH_PATHS = "$(inherited) @executable_path/Frameworks @loader_path/Frameworks";
				PRODUCT_BUNDLE_IDENTIFIER = com.vegantofuapps.MunchCrunchUITests;
				PRODUCT_NAME = "$(TARGET_NAME)";
				TEST_TARGET_NAME = MunchCrunch;
			};
			name = Release;
		};
/* End XCBuildConfiguration section */

/* Begin XCConfigurationList section */
		3A8468D91D549C5200D105F9 /* Build configuration list for PBXProject "MunchCrunch" */ = {
			isa = XCConfigurationList;
			buildConfigurations = (
				3A8469041D549C5200D105F9 /* Debug */,
				3A8469051D549C5200D105F9 /* Release */,
			);
			defaultConfigurationIsVisible = 0;
			defaultConfigurationName = Release;
		};
		3A8469061D549C5200D105F9 /* Build configuration list for PBXNativeTarget "MunchCrunch" */ = {
			isa = XCConfigurationList;
			buildConfigurations = (
				3A8469071D549C5200D105F9 /* Debug */,
				3A8469081D549C5200D105F9 /* Release */,
			);
			defaultConfigurationIsVisible = 0;
		};
		3A8469091D549C5200D105F9 /* Build configuration list for PBXNativeTarget "MunchCrunchTests" */ = {
			isa = XCConfigurationList;
			buildConfigurations = (
				3A84690A1D549C5200D105F9 /* Debug */,
				3A84690B1D549C5200D105F9 /* Release */,
			);
			defaultConfigurationIsVisible = 0;
		};
		3A84690C1D549C5200D105F9 /* Build configuration list for PBXNativeTarget "MunchCrunchUITests" */ = {
			isa = XCConfigurationList;
			buildConfigurations = (
				3A84690D1D549C5200D105F9 /* Debug */,
				3A84690E1D549C5200D105F9 /* Release */,
			);
			defaultConfigurationIsVisible = 0;
		};
/* End XCConfigurationList section */
	};
	rootObject = 3A8468D61D549C5200D105F9 /* Project object */;
}
